// !$*UTF8*$!
{
	archiveVersion = 1;
	classes = {
	};
	objectVersion = 46;
	objects = {

/* Begin PBXBuildFile section */
		9F90DA3E4023FDC095B1895E /* Pods_dev_showcase.framework in Frameworks */ = {isa = PBXBuildFile; fileRef = DEB1537DBDFB2819EE57E267 /* Pods_dev_showcase.framework */; };
		C84F00751C6C65FA00815885 /* AppDelegate.swift in Sources */ = {isa = PBXBuildFile; fileRef = C84F00741C6C65FA00815885 /* AppDelegate.swift */; };
		C84F00771C6C65FA00815885 /* ViewController.swift in Sources */ = {isa = PBXBuildFile; fileRef = C84F00761C6C65FA00815885 /* ViewController.swift */; };
		C84F007A1C6C65FA00815885 /* Main.storyboard in Resources */ = {isa = PBXBuildFile; fileRef = C84F00781C6C65FA00815885 /* Main.storyboard */; };
		C84F007C1C6C65FA00815885 /* Assets.xcassets in Resources */ = {isa = PBXBuildFile; fileRef = C84F007B1C6C65FA00815885 /* Assets.xcassets */; };
		C84F007F1C6C65FA00815885 /* LaunchScreen.storyboard in Resources */ = {isa = PBXBuildFile; fileRef = C84F007D1C6C65FA00815885 /* LaunchScreen.storyboard */; };
		C84F008E1C6C666B00815885 /* NotoSans-Bold.ttf in Resources */ = {isa = PBXBuildFile; fileRef = C84F008A1C6C666B00815885 /* NotoSans-Bold.ttf */; };
		C84F008F1C6C666B00815885 /* NotoSans-BoldItalic.ttf in Resources */ = {isa = PBXBuildFile; fileRef = C84F008B1C6C666B00815885 /* NotoSans-BoldItalic.ttf */; };
		C84F00901C6C666B00815885 /* NotoSans-Italic.ttf in Resources */ = {isa = PBXBuildFile; fileRef = C84F008C1C6C666B00815885 /* NotoSans-Italic.ttf */; };
		C84F00911C6C666B00815885 /* NotoSans-Regular.ttf in Resources */ = {isa = PBXBuildFile; fileRef = C84F008D1C6C666B00815885 /* NotoSans-Regular.ttf */; };
		C84F00931C6C696A00815885 /* MaterialView.swift in Sources */ = {isa = PBXBuildFile; fileRef = C84F00921C6C696A00815885 /* MaterialView.swift */; };
		C84F00961C6C69BB00815885 /* Constants.swift in Sources */ = {isa = PBXBuildFile; fileRef = C84F00951C6C69BB00815885 /* Constants.swift */; };
		C84F00981C6C6ED800815885 /* MaterialButton.swift in Sources */ = {isa = PBXBuildFile; fileRef = C84F00971C6C6ED800815885 /* MaterialButton.swift */; };
		C84F009A1C6C769600815885 /* MaterialTextField.swift in Sources */ = {isa = PBXBuildFile; fileRef = C84F00991C6C769600815885 /* MaterialTextField.swift */; };
		E60D147B1C6CAED300D48C0F /* Bolts.framework in Frameworks */ = {isa = PBXBuildFile; fileRef = E60D14781C6CAED300D48C0F /* Bolts.framework */; };
		E60D147C1C6CAED300D48C0F /* FBSDKCoreKit.framework in Frameworks */ = {isa = PBXBuildFile; fileRef = E60D14791C6CAED300D48C0F /* FBSDKCoreKit.framework */; };
		E60D147D1C6CAED300D48C0F /* FBSDKLoginKit.framework in Frameworks */ = {isa = PBXBuildFile; fileRef = E60D147A1C6CAED300D48C0F /* FBSDKLoginKit.framework */; };
		E60D14801C6CBA1D00D48C0F /* DataService.swift in Sources */ = {isa = PBXBuildFile; fileRef = E60D147F1C6CBA1D00D48C0F /* DataService.swift */; };
/* End PBXBuildFile section */

/* Begin PBXFileReference section */
		510870BDA89F3B5C82B66959 /* Pods-dev-showcase.release.xcconfig */ = {isa = PBXFileReference; includeInIndex = 1; lastKnownFileType = text.xcconfig; name = "Pods-dev-showcase.release.xcconfig"; path = "Pods/Target Support Files/Pods-dev-showcase/Pods-dev-showcase.release.xcconfig"; sourceTree = "<group>"; };
		C84F00711C6C65FA00815885 /* dev-showcase.app */ = {isa = PBXFileReference; explicitFileType = wrapper.application; includeInIndex = 0; path = "dev-showcase.app"; sourceTree = BUILT_PRODUCTS_DIR; };
		C84F00741C6C65FA00815885 /* AppDelegate.swift */ = {isa = PBXFileReference; lastKnownFileType = sourcecode.swift; path = AppDelegate.swift; sourceTree = "<group>"; };
		C84F00761C6C65FA00815885 /* ViewController.swift */ = {isa = PBXFileReference; lastKnownFileType = sourcecode.swift; path = ViewController.swift; sourceTree = "<group>"; };
		C84F00791C6C65FA00815885 /* Base */ = {isa = PBXFileReference; lastKnownFileType = file.storyboard; name = Base; path = Base.lproj/Main.storyboard; sourceTree = "<group>"; };
		C84F007B1C6C65FA00815885 /* Assets.xcassets */ = {isa = PBXFileReference; lastKnownFileType = folder.assetcatalog; path = Assets.xcassets; sourceTree = "<group>"; };
		C84F007E1C6C65FA00815885 /* Base */ = {isa = PBXFileReference; lastKnownFileType = file.storyboard; name = Base; path = Base.lproj/LaunchScreen.storyboard; sourceTree = "<group>"; };
		C84F00801C6C65FA00815885 /* Info.plist */ = {isa = PBXFileReference; lastKnownFileType = text.plist.xml; path = Info.plist; sourceTree = "<group>"; };
		C84F008A1C6C666B00815885 /* NotoSans-Bold.ttf */ = {isa = PBXFileReference; lastKnownFileType = file; path = "NotoSans-Bold.ttf"; sourceTree = "<group>"; };
		C84F008B1C6C666B00815885 /* NotoSans-BoldItalic.ttf */ = {isa = PBXFileReference; lastKnownFileType = file; path = "NotoSans-BoldItalic.ttf"; sourceTree = "<group>"; };
		C84F008C1C6C666B00815885 /* NotoSans-Italic.ttf */ = {isa = PBXFileReference; lastKnownFileType = file; path = "NotoSans-Italic.ttf"; sourceTree = "<group>"; };
		C84F008D1C6C666B00815885 /* NotoSans-Regular.ttf */ = {isa = PBXFileReference; lastKnownFileType = file; path = "NotoSans-Regular.ttf"; sourceTree = "<group>"; };
		C84F00921C6C696A00815885 /* MaterialView.swift */ = {isa = PBXFileReference; fileEncoding = 4; lastKnownFileType = sourcecode.swift; path = MaterialView.swift; sourceTree = "<group>"; };
		C84F00951C6C69BB00815885 /* Constants.swift */ = {isa = PBXFileReference; fileEncoding = 4; lastKnownFileType = sourcecode.swift; path = Constants.swift; sourceTree = "<group>"; };
		C84F00971C6C6ED800815885 /* MaterialButton.swift */ = {isa = PBXFileReference; fileEncoding = 4; lastKnownFileType = sourcecode.swift; path = MaterialButton.swift; sourceTree = "<group>"; };
		C84F00991C6C769600815885 /* MaterialTextField.swift */ = {isa = PBXFileReference; fileEncoding = 4; lastKnownFileType = sourcecode.swift; path = MaterialTextField.swift; sourceTree = "<group>"; };
		DEB1537DBDFB2819EE57E267 /* Pods_dev_showcase.framework */ = {isa = PBXFileReference; explicitFileType = wrapper.framework; includeInIndex = 0; path = Pods_dev_showcase.framework; sourceTree = BUILT_PRODUCTS_DIR; };
		E60D14781C6CAED300D48C0F /* Bolts.framework */ = {isa = PBXFileReference; lastKnownFileType = wrapper.framework; path = Bolts.framework; sourceTree = "<group>"; };
		E60D14791C6CAED300D48C0F /* FBSDKCoreKit.framework */ = {isa = PBXFileReference; lastKnownFileType = wrapper.framework; path = FBSDKCoreKit.framework; sourceTree = "<group>"; };
		E60D147A1C6CAED300D48C0F /* FBSDKLoginKit.framework */ = {isa = PBXFileReference; lastKnownFileType = wrapper.framework; path = FBSDKLoginKit.framework; sourceTree = "<group>"; };
		E60D147F1C6CBA1D00D48C0F /* DataService.swift */ = {isa = PBXFileReference; fileEncoding = 4; lastKnownFileType = sourcecode.swift; path = DataService.swift; sourceTree = "<group>"; };
		F0D12FD60A8C92E33E000EA5 /* Pods-dev-showcase.debug.xcconfig */ = {isa = PBXFileReference; includeInIndex = 1; lastKnownFileType = text.xcconfig; name = "Pods-dev-showcase.debug.xcconfig"; path = "Pods/Target Support Files/Pods-dev-showcase/Pods-dev-showcase.debug.xcconfig"; sourceTree = "<group>"; };
/* End PBXFileReference section */

/* Begin PBXFrameworksBuildPhase section */
		C84F006E1C6C65FA00815885 /* Frameworks */ = {
			isa = PBXFrameworksBuildPhase;
			buildActionMask = 2147483647;
			files = (
				E60D147B1C6CAED300D48C0F /* Bolts.framework in Frameworks */,
				E60D147C1C6CAED300D48C0F /* FBSDKCoreKit.framework in Frameworks */,
				E60D147D1C6CAED300D48C0F /* FBSDKLoginKit.framework in Frameworks */,
				9F90DA3E4023FDC095B1895E /* Pods_dev_showcase.framework in Frameworks */,
			);
			runOnlyForDeploymentPostprocessing = 0;
		};
/* End PBXFrameworksBuildPhase section */

/* Begin PBXGroup section */
		935F98403034B47490461B56 /* Pods */ = {
			isa = PBXGroup;
			children = (
				F0D12FD60A8C92E33E000EA5 /* Pods-dev-showcase.debug.xcconfig */,
				510870BDA89F3B5C82B66959 /* Pods-dev-showcase.release.xcconfig */,
			);
			name = Pods;
			sourceTree = "<group>";
		};
		C84F00681C6C65FA00815885 = {
			isa = PBXGroup;
			children = (
				C84F00731C6C65FA00815885 /* dev-showcase */,
				C84F00721C6C65FA00815885 /* Products */,
				935F98403034B47490461B56 /* Pods */,
			);
			sourceTree = "<group>";
		};
		C84F00721C6C65FA00815885 /* Products */ = {
			isa = PBXGroup;
			children = (
				C84F00711C6C65FA00815885 /* dev-showcase.app */,
			);
			name = Products;
			sourceTree = "<group>";
		};
		C84F00731C6C65FA00815885 /* dev-showcase */ = {
			isa = PBXGroup;
			children = (
				E60D147E1C6CBA0200D48C0F /* Services */,
				E60D14771C6CAEC300D48C0F /* Frameworks */,
				C84F00941C6C69A900815885 /* Util */,
				C84F00891C6C661F00815885 /* Resource */,
				C84F00881C6C661B00815885 /* Model */,
				C84F00871C6C661800815885 /* View */,
				C84F00861C6C661200815885 /* Controller */,
				C84F00741C6C65FA00815885 /* AppDelegate.swift */,
				C84F00761C6C65FA00815885 /* ViewController.swift */,
				C84F00781C6C65FA00815885 /* Main.storyboard */,
				C84F007B1C6C65FA00815885 /* Assets.xcassets */,
				C84F007D1C6C65FA00815885 /* LaunchScreen.storyboard */,
				C84F00801C6C65FA00815885 /* Info.plist */,
			);
			path = "dev-showcase";
			sourceTree = "<group>";
		};
		C84F00861C6C661200815885 /* Controller */ = {
			isa = PBXGroup;
			children = (
			);
			name = Controller;
			sourceTree = "<group>";
		};
		C84F00871C6C661800815885 /* View */ = {
			isa = PBXGroup;
			children = (
				C84F00921C6C696A00815885 /* MaterialView.swift */,
				C84F00971C6C6ED800815885 /* MaterialButton.swift */,
				C84F00991C6C769600815885 /* MaterialTextField.swift */,
			);
			name = View;
			sourceTree = "<group>";
		};
		C84F00881C6C661B00815885 /* Model */ = {
			isa = PBXGroup;
			children = (
			);
			name = Model;
			sourceTree = "<group>";
		};
		C84F00891C6C661F00815885 /* Resource */ = {
			isa = PBXGroup;
			children = (
				C84F008A1C6C666B00815885 /* NotoSans-Bold.ttf */,
				C84F008B1C6C666B00815885 /* NotoSans-BoldItalic.ttf */,
				C84F008C1C6C666B00815885 /* NotoSans-Italic.ttf */,
				C84F008D1C6C666B00815885 /* NotoSans-Regular.ttf */,
			);
			name = Resource;
			sourceTree = "<group>";
		};
		C84F00941C6C69A900815885 /* Util */ = {
			isa = PBXGroup;
			children = (
				C84F00951C6C69BB00815885 /* Constants.swift */,
			);
			name = Util;
			sourceTree = "<group>";
		};
		E60D14771C6CAEC300D48C0F /* Frameworks */ = {
			isa = PBXGroup;
			children = (
				E60D14781C6CAED300D48C0F /* Bolts.framework */,
				E60D14791C6CAED300D48C0F /* FBSDKCoreKit.framework */,
				E60D147A1C6CAED300D48C0F /* FBSDKLoginKit.framework */,
				DEB1537DBDFB2819EE57E267 /* Pods_dev_showcase.framework */,
			);
			name = Frameworks;
			path = ..;
			sourceTree = "<group>";
		};
		E60D147E1C6CBA0200D48C0F /* Services */ = {
			isa = PBXGroup;
			children = (
				E60D147F1C6CBA1D00D48C0F /* DataService.swift */,
			);
			name = Services;
			sourceTree = "<group>";
		};
/* End PBXGroup section */

/* Begin PBXNativeTarget section */
		C84F00701C6C65FA00815885 /* dev-showcase */ = {
			isa = PBXNativeTarget;
			buildConfigurationList = C84F00831C6C65FA00815885 /* Build configuration list for PBXNativeTarget "dev-showcase" */;
			buildPhases = (
				AEA3A9B3CE1966D8EF4F9D91 /* Check Pods Manifest.lock */,
				C84F006D1C6C65FA00815885 /* Sources */,
				C84F006E1C6C65FA00815885 /* Frameworks */,
				C84F006F1C6C65FA00815885 /* Resources */,
				FA98E60C8DC9F5FFC799AF4D /* Embed Pods Frameworks */,
				A54EBF1A6286A3B36CD3AA6D /* Copy Pods Resources */,
			);
			buildRules = (
			);
			dependencies = (
			);
			name = "dev-showcase";
			productName = "dev-showcase";
			productReference = C84F00711C6C65FA00815885 /* dev-showcase.app */;
			productType = "com.apple.product-type.application";
		};
/* End PBXNativeTarget section */

/* Begin PBXProject section */
		C84F00691C6C65FA00815885 /* Project object */ = {
			isa = PBXProject;
			attributes = {
				LastSwiftUpdateCheck = 0720;
				LastUpgradeCheck = 0720;
				ORGANIZATIONNAME = ansugeun.k;
				TargetAttributes = {
					C84F00701C6C65FA00815885 = {
						CreatedOnToolsVersion = 7.2.1;
					};
				};
			};
			buildConfigurationList = C84F006C1C6C65FA00815885 /* Build configuration list for PBXProject "dev-showcase" */;
			compatibilityVersion = "Xcode 3.2";
			developmentRegion = English;
			hasScannedForEncodings = 0;
			knownRegions = (
				en,
				Base,
			);
			mainGroup = C84F00681C6C65FA00815885;
			productRefGroup = C84F00721C6C65FA00815885 /* Products */;
			projectDirPath = "";
			projectRoot = "";
			targets = (
				C84F00701C6C65FA00815885 /* dev-showcase */,
			);
		};
/* End PBXProject section */

/* Begin PBXResourcesBuildPhase section */
		C84F006F1C6C65FA00815885 /* Resources */ = {
			isa = PBXResourcesBuildPhase;
			buildActionMask = 2147483647;
			files = (
				C84F008E1C6C666B00815885 /* NotoSans-Bold.ttf in Resources */,
				C84F007F1C6C65FA00815885 /* LaunchScreen.storyboard in Resources */,
				C84F008F1C6C666B00815885 /* NotoSans-BoldItalic.ttf in Resources */,
				C84F00901C6C666B00815885 /* NotoSans-Italic.ttf in Resources */,
				C84F007C1C6C65FA00815885 /* Assets.xcassets in Resources */,
				C84F007A1C6C65FA00815885 /* Main.storyboard in Resources */,
				C84F00911C6C666B00815885 /* NotoSans-Regular.ttf in Resources */,
			);
			runOnlyForDeploymentPostprocessing = 0;
		};
/* End PBXResourcesBuildPhase section */

/* Begin PBXShellScriptBuildPhase section */
		A54EBF1A6286A3B36CD3AA6D /* Copy Pods Resources */ = {
			isa = PBXShellScriptBuildPhase;
			buildActionMask = 2147483647;
			files = (
			);
			inputPaths = (
			);
			name = "Copy Pods Resources";
			outputPaths = (
			);
			runOnlyForDeploymentPostprocessing = 0;
			shellPath = /bin/sh;
			shellScript = "\"${SRCROOT}/Pods/Target Support Files/Pods-dev-showcase/Pods-dev-showcase-resources.sh\"\n";
			showEnvVarsInLog = 0;
		};
		AEA3A9B3CE1966D8EF4F9D91 /* Check Pods Manifest.lock */ = {
			isa = PBXShellScriptBuildPhase;
			buildActionMask = 2147483647;
			files = (
			);
			inputPaths = (
			);
			name = "Check Pods Manifest.lock";
			outputPaths = (
			);
			runOnlyForDeploymentPostprocessing = 0;
			shellPath = /bin/sh;
			shellScript = "diff \"${PODS_ROOT}/../Podfile.lock\" \"${PODS_ROOT}/Manifest.lock\" > /dev/null\nif [[ $? != 0 ]] ; then\n    cat << EOM\nerror: The sandbox is not in sync with the Podfile.lock. Run 'pod install' or update your CocoaPods installation.\nEOM\n    exit 1\nfi\n";
			showEnvVarsInLog = 0;
		};
		FA98E60C8DC9F5FFC799AF4D /* Embed Pods Frameworks */ = {
			isa = PBXShellScriptBuildPhase;
			buildActionMask = 2147483647;
			files = (
			);
			inputPaths = (
			);
			name = "Embed Pods Frameworks";
			outputPaths = (
			);
			runOnlyForDeploymentPostprocessing = 0;
			shellPath = /bin/sh;
			shellScript = "\"${SRCROOT}/Pods/Target Support Files/Pods-dev-showcase/Pods-dev-showcase-frameworks.sh\"\n";
			showEnvVarsInLog = 0;
		};
/* End PBXShellScriptBuildPhase section */

/* Begin PBXSourcesBuildPhase section */
		C84F006D1C6C65FA00815885 /* Sources */ = {
			isa = PBXSourcesBuildPhase;
			buildActionMask = 2147483647;
			files = (
				C84F009A1C6C769600815885 /* MaterialTextField.swift in Sources */,
				E60D14801C6CBA1D00D48C0F /* DataService.swift in Sources */,
				C84F00931C6C696A00815885 /* MaterialView.swift in Sources */,
				C84F00771C6C65FA00815885 /* ViewController.swift in Sources */,
				C84F00751C6C65FA00815885 /* AppDelegate.swift in Sources */,
				C84F00961C6C69BB00815885 /* Constants.swift in Sources */,
				C84F00981C6C6ED800815885 /* MaterialButton.swift in Sources */,
			);
			runOnlyForDeploymentPostprocessing = 0;
		};
/* End PBXSourcesBuildPhase section */

/* Begin PBXVariantGroup section */
		C84F00781C6C65FA00815885 /* Main.storyboard */ = {
			isa = PBXVariantGroup;
			children = (
				C84F00791C6C65FA00815885 /* Base */,
			);
			name = Main.storyboard;
			sourceTree = "<group>";
		};
		C84F007D1C6C65FA00815885 /* LaunchScreen.storyboard */ = {
			isa = PBXVariantGroup;
			children = (
				C84F007E1C6C65FA00815885 /* Base */,
			);
			name = LaunchScreen.storyboard;
			sourceTree = "<group>";
		};
/* End PBXVariantGroup section */

/* Begin XCBuildConfiguration section */
		C84F00811C6C65FA00815885 /* Debug */ = {
			isa = XCBuildConfiguration;
			buildSettings = {
				ALWAYS_SEARCH_USER_PATHS = NO;
				CLANG_CXX_LANGUAGE_STANDARD = "gnu++0x";
				CLANG_CXX_LIBRARY = "libc++";
				CLANG_ENABLE_MODULES = YES;
				CLANG_ENABLE_OBJC_ARC = YES;
				CLANG_WARN_BOOL_CONVERSION = YES;
				CLANG_WARN_CONSTANT_CONVERSION = YES;
				CLANG_WARN_DIRECT_OBJC_ISA_USAGE = YES_ERROR;
				CLANG_WARN_EMPTY_BODY = YES;
				CLANG_WARN_ENUM_CONVERSION = YES;
				CLANG_WARN_INT_CONVERSION = YES;
				CLANG_WARN_OBJC_ROOT_CLASS = YES_ERROR;
				CLANG_WARN_UNREACHABLE_CODE = YES;
				CLANG_WARN__DUPLICATE_METHOD_MATCH = YES;
				"CODE_SIGN_IDENTITY[sdk=iphoneos*]" = "iPhone Developer";
				COPY_PHASE_STRIP = NO;
				DEBUG_INFORMATION_FORMAT = dwarf;
				ENABLE_STRICT_OBJC_MSGSEND = YES;
				ENABLE_TESTABILITY = YES;
				GCC_C_LANGUAGE_STANDARD = gnu99;
				GCC_DYNAMIC_NO_PIC = NO;
				GCC_NO_COMMON_BLOCKS = YES;
				GCC_OPTIMIZATION_LEVEL = 0;
				GCC_PREPROCESSOR_DEFINITIONS = (
					"DEBUG=1",
					"$(inherited)",
				);
				GCC_WARN_64_TO_32_BIT_CONVERSION = YES;
				GCC_WARN_ABOUT_RETURN_TYPE = YES_ERROR;
				GCC_WARN_UNDECLARED_SELECTOR = YES;
				GCC_WARN_UNINITIALIZED_AUTOS = YES_AGGRESSIVE;
				GCC_WARN_UNUSED_FUNCTION = YES;
				GCC_WARN_UNUSED_VARIABLE = YES;
				IPHONEOS_DEPLOYMENT_TARGET = 9.2;
				MTL_ENABLE_DEBUG_INFO = YES;
				ONLY_ACTIVE_ARCH = YES;
				SDKROOT = iphoneos;
				SWIFT_OPTIMIZATION_LEVEL = "-Onone";
				TARGETED_DEVICE_FAMILY = "1,2";
			};
			name = Debug;
		};
		C84F00821C6C65FA00815885 /* Release */ = {
			isa = XCBuildConfiguration;
			buildSettings = {
				ALWAYS_SEARCH_USER_PATHS = NO;
				CLANG_CXX_LANGUAGE_STANDARD = "gnu++0x";
				CLANG_CXX_LIBRARY = "libc++";
				CLANG_ENABLE_MODULES = YES;
				CLANG_ENABLE_OBJC_ARC = YES;
				CLANG_WARN_BOOL_CONVERSION = YES;
				CLANG_WARN_CONSTANT_CONVERSION = YES;
				CLANG_WARN_DIRECT_OBJC_ISA_USAGE = YES_ERROR;
				CLANG_WARN_EMPTY_BODY = YES;
				CLANG_WARN_ENUM_CONVERSION = YES;
				CLANG_WARN_INT_CONVERSION = YES;
				CLANG_WARN_OBJC_ROOT_CLASS = YES_ERROR;
				CLANG_WARN_UNREACHABLE_CODE = YES;
				CLANG_WARN__DUPLICATE_METHOD_MATCH = YES;
				"CODE_SIGN_IDENTITY[sdk=iphoneos*]" = "iPhone Developer";
				COPY_PHASE_STRIP = NO;
				DEBUG_INFORMATION_FORMAT = "dwarf-with-dsym";
				ENABLE_NS_ASSERTIONS = NO;
				ENABLE_STRICT_OBJC_MSGSEND = YES;
				GCC_C_LANGUAGE_STANDARD = gnu99;
				GCC_NO_COMMON_BLOCKS = YES;
				GCC_WARN_64_TO_32_BIT_CONVERSION = YES;
				GCC_WARN_ABOUT_RETURN_TYPE = YES_ERROR;
				GCC_WARN_UNDECLARED_SELECTOR = YES;
				GCC_WARN_UNINITIALIZED_AUTOS = YES_AGGRESSIVE;
				GCC_WARN_UNUSED_FUNCTION = YES;
				GCC_WARN_UNUSED_VARIABLE = YES;
				IPHONEOS_DEPLOYMENT_TARGET = 9.2;
				MTL_ENABLE_DEBUG_INFO = NO;
				SDKROOT = iphoneos;
				TARGETED_DEVICE_FAMILY = "1,2";
				VALIDATE_PRODUCT = YES;
			};
			name = Release;
		};
		C84F00841C6C65FA00815885 /* Debug */ = {
			isa = XCBuildConfiguration;
			baseConfigurationReference = F0D12FD60A8C92E33E000EA5 /* Pods-dev-showcase.debug.xcconfig */;
			buildSettings = {
				ASSETCATALOG_COMPILER_APPICON_NAME = AppIcon;
				CODE_SIGN_IDENTITY = "iPhone Developer";
				ENABLE_BITCODE = NO;
				FRAMEWORK_SEARCH_PATHS = (
					"$(inherited)",
					"$(PROJECT_DIR)",
				);
				INFOPLIST_FILE = "dev-showcase/Info.plist";
				LD_RUNPATH_SEARCH_PATHS = "$(inherited) @executable_path/Frameworks";
				PRODUCT_BUNDLE_IDENTIFIER = "ang.dev-showcase";
				PRODUCT_NAME = "$(TARGET_NAME)";
			};
			name = Debug;
		};
		C84F00851C6C65FA00815885 /* Release */ = {
			isa = XCBuildConfiguration;
			baseConfigurationReference = 510870BDA89F3B5C82B66959 /* Pods-dev-showcase.release.xcconfig */;
			buildSettings = {
				ASSETCATALOG_COMPILER_APPICON_NAME = AppIcon;
				CODE_SIGN_IDENTITY = "iPhone Developer";
				ENABLE_BITCODE = NO;
				FRAMEWORK_SEARCH_PATHS = (
					"$(inherited)",
					"$(PROJECT_DIR)",
				);
				INFOPLIST_FILE = "dev-showcase/Info.plist";
				LD_RUNPATH_SEARCH_PATHS = "$(inherited) @executable_path/Frameworks";
				PRODUCT_BUNDLE_IDENTIFIER = "ang.dev-showcase";
				PRODUCT_NAME = "$(TARGET_NAME)";
			};
			name = Release;
		};
/* End XCBuildConfiguration section */

/* Begin XCConfigurationList section */
		C84F006C1C6C65FA00815885 /* Build configuration list for PBXProject "dev-showcase" */ = {
			isa = XCConfigurationList;
			buildConfigurations = (
				C84F00811C6C65FA00815885 /* Debug */,
				C84F00821C6C65FA00815885 /* Release */,
			);
			defaultConfigurationIsVisible = 0;
			defaultConfigurationName = Release;
		};
		C84F00831C6C65FA00815885 /* Build configuration list for PBXNativeTarget "dev-showcase" */ = {
			isa = XCConfigurationList;
			buildConfigurations = (
				C84F00841C6C65FA00815885 /* Debug */,
				C84F00851C6C65FA00815885 /* Release */,
			);
			defaultConfigurationIsVisible = 0;
			defaultConfigurationName = Release;
		};
/* End XCConfigurationList section */
	};
	rootObject = C84F00691C6C65FA00815885 /* Project object */;
}
